
Microsoft Visual Studio Solution File, Format Version 12.00
# Visual Studio Version 17
VisualStudioVersion = 17.9.34728.123
MinimumVisualStudioVersion = 10.0.40219.1
Project("{9A19103F-16F7-4668-BE54-9A1E7A4F7556}") = "ONT3001_Assignment", "ONT3001_Assignment.csproj", "{77AA7F5D-50B8-40D4-B48E-08AD3F0A456F}"
EndProject
Project("{9A19103F-16F7-4668-BE54-9A1E7A4F7556}") = "DataAccessLayer", "..\EmployeeClassLibrary\DataAccessLayer.csproj", "{8F0FD507-7E97-4C66-BD48-445CA1411A36}"
EndProject
Global
	GlobalSection(SolutionConfigurationPlatforms) = preSolution
		Debug|Any CPU = Debug|Any CPU
		Release|Any CPU = Release|Any CPU
	EndGlobalSection
	GlobalSection(ProjectConfigurationPlatforms) = postSolution
		{77AA7F5D-50B8-40D4-B48E-08AD3F0A456F}.Debug|Any CPU.ActiveCfg = Debug|Any CPU
		{77AA7F5D-50B8-40D4-B48E-08AD3F0A456F}.Debug|Any CPU.Build.0 = Debug|Any CPU
		{77AA7F5D-50B8-40D4-B48E-08AD3F0A456F}.Release|Any CPU.ActiveCfg = Release|Any CPU
		{77AA7F5D-50B8-40D4-B48E-08AD3F0A456F}.Release|Any CPU.Build.0 = Release|Any CPU
		{8F0FD507-7E97-4C66-BD48-445CA1411A36}.Debug|Any CPU.ActiveCfg = Debug|Any CPU
		{8F0FD507-7E97-4C66-BD48-445CA1411A36}.Debug|Any CPU.Build.0 = Debug|Any CPU
		{8F0FD507-7E97-4C66-BD48-445CA1411A36}.Release|Any CPU.ActiveCfg = Release|Any CPU
		{8F0FD507-7E97-4C66-BD48-445CA1411A36}.Release|Any CPU.Build.0 = Release|Any CPU
	EndGlobalSection
	GlobalSection(SolutionProperties) = preSolution
		HideSolutionNode = FALSE
	EndGlobalSection
	GlobalSection(ExtensibilityGlobals) = postSolution
		SolutionGuid = {AB151D33-F3B1-4717-97D2-3509B13B5102}
	EndGlobalSection
EndGlobal
